
Microsoft Visual Studio Solution File, Format Version 12.00
# Visual Studio Version 17
VisualStudioVersion = 17.9.34902.65
MinimumVisualStudioVersion = 10.0.40219.1
Project("{FAE04EC0-301F-11D3-BF4B-00C04F79EFBC}") = "API", "API\API.csproj", "{07E67859-8E57-4307-B24C-B2BD72CB2785}"
EndProject
Global
	GlobalSection(SolutionConfigurationPlatforms) = preSolution
		Debug|Any CPU = Debug|Any CPU
		Release|Any CPU = Release|Any CPU
	EndGlobalSection
	GlobalSection(ProjectConfigurationPlatforms) = postSolution
		{07E67859-8E57-4307-B24C-B2BD72CB2785}.Debug|Any CPU.ActiveCfg = Debug|Any CPU
		{07E67859-8E57-4307-B24C-B2BD72CB2785}.Debug|Any CPU.Build.0 = Debug|Any CPU
		{07E67859-8E57-4307-B24C-B2BD72CB2785}.Release|Any CPU.ActiveCfg = Release|Any CPU
		{07E67859-8E57-4307-B24C-B2BD72CB2785}.Release|Any CPU.Build.0 = Release|Any CPU
	EndGlobalSection
	GlobalSection(SolutionProperties) = preSolution
		HideSolutionNode = FALSE
	EndGlobalSection
	GlobalSection(ExtensibilityGlobals) = postSolution
		SolutionGuid = {849C3EEC-F6DD-4347-BDD2-2A6210394041}
	EndGlobalSection
EndGlobal
